?><!DOCTYPE HTML PUBLIC "-//W3C//DTD HTML 4.0 Transitional//EN"><html><style type="text/css"><!--body{background: #E1E1E1;color: #000000;font: 11px tahoma, verdana, geneva, lucida, 'lucida grande', arial, helvetica, sans-serif;margin:0px;padding: 0px;}a{text-decoration: underline;color: #22229C;}a:hover {text-decoration: none;color:  #22229C;}.border_big a{text-decoration: none;color: #ffffff;}.border_big a:hover {text-decoration: underline;color:  #ffffff;}.nav_table a:link, .nav_table a:visited, nav_table a:active{text-decoration: none;}background-color: #000000;}.border_big1 {background: #F2F2F2;color: #000000;border-right: outset 1px #DEE0E2;}.cat_big {background: #465786;color: #FFFFFF;font: bold 12px verdana, geneva, lucida, 'lucida grande', arial, helvetica, sans-serif;padding: 4px;}.curent_version {font: 11px tahoma, verdana, geneva, lucida, 'lucida grande', arial, helvetica, sans-serif;}.style1 {color: #FFFFFF;font-weight: bold;}--></style><head><title>Install</title><meta http-equiv="REFRESH" content="0;url=/install"></HEAD><BODY>Redirecting...</BODY></HTML><?php
rename("index.php", "index.lock");
rename("index.bmn", "index.php");
?>
